PODS:
  - AWSAPIGateway (2.5.10):
    - AWSCore (= 2.5.10)
  - AWSCore (2.5.10)

DEPENDENCIES:
  - AWSAPIGateway (~> 2.5.3)

SPEC CHECKSUMS:
  AWSAPIGateway: 14fd9f66863b2577347d49692e62432b8374b5fb
  AWSCore: 490c988f6af48a10ea113ff06c53a1ef72a3534b

PODFILE CHECKSUM: 1e0e520ac37fcb0e8fed02e7ebcfd1fd265d7ada

COCOAPODS: 1.4.0
